<?xml version="1.0" encoding="utf-8"?>
<Project ToolsVersion="4.0" xmlns="http://schemas.microsoft.com/developer/msbuild/2003">
  <ItemGroup>
    <Filter Include="Source Files">
      <UniqueIdentifier>{4FC737F1-C7A5-4376-A066-2A32D752A2FF}</UniqueIdentifier>
      <Extensions>cpp;c;cc;cxx;c++;cppm;ixx;def;odl;idl;hpj;bat;asm;asmx</Extensions>
    </Filter>
    <Filter Include="Header Files">
      <UniqueIdentifier>{93995380-89BD-4b04-88EB-625FBE52EBFB}</UniqueIdentifier>
      <Extensions>h;hh;hpp;hxx;h++;hm;inl;inc;ipp;xsd</Extensions>
    </Filter>
    <Filter Include="Resource Files">
      <UniqueIdentifier>{67DA6AB6-F800-4c08-8B7A-83BB121AAD01}</UniqueIdentifier>
      <Extensions>rc;ico;cur;bmp;dlg;rc2;rct;bin;rgs;gif;jpg;jpeg;jpe;resx;tiff;tif;png;wav;mfcribbon-ms</Extensions>
    </Filter>
    <Filter Include="WriteComponent">
      <UniqueIdentifier>{555bdf3c-dbcd-4510-8325-221d6e4fbe94}</UniqueIdentifier>
    </Filter>
    <Filter Include="WriteComponent\Header Files">
      <UniqueIdentifier>{8b7dbba4-1299-43e5-b323-d4d75776ea64}</UniqueIdentifier>
    </Filter>
    <Filter Include="WriteComponent\Source Files">
      <UniqueIdentifier>{dec5cdcf-b8e6-41d5-aa0f-ecf8d17b79bd}</UniqueIdentifier>
    </Filter>
    <Filter Include="ReadComponent">
      <UniqueIdentifier>{52a03d64-8bb4-4fc6-b9ec-8d745c6d7b66}</UniqueIdentifier>
    </Filter>
    <Filter Include="ReadComponent\Header Files">
      <UniqueIdentifier>{a019ba53-9085-4ddd-8d2a-dabb649b053f}</UniqueIdentifier>
    </Filter>
    <Filter Include="ReadComponent\Source Files">
      <UniqueIdentifier>{6d013f26-e0a8-4751-a2ad-76ec242b095f}</UniqueIdentifier>
    </Filter>
    <Filter Include="JsonCpp">
      <UniqueIdentifier>{0ddab949-3a30-4915-8207-a65da3bc1e01}</UniqueIdentifier>
    </Filter>
    <Filter Include="JsonCpp\Header Files">
      <UniqueIdentifier>{0cf758ae-52f8-4b72-8114-118d2fca378f}</UniqueIdentifier>
    </Filter>
    <Filter Include="JsonCpp\Source Files">
      <UniqueIdentifier>{7813da78-8427-452b-a2ed-a357632a7b2f}</UniqueIdentifier>
    </Filter>
  </ItemGroup>
  <ItemGroup>
    <ClInclude Include="framework.h">
      <Filter>Header Files</Filter>
    </ClInclude>
    <ClInclude Include="pch.h">
      <Filter>Header Files</Filter>
    </ClInclude>
    <ClInclude Include="AaeonSmbiosApi.h">
      <Filter>Header Files</Filter>
    </ClInclude>
    <ClInclude Include="IOCTLValue.h">
      <Filter>Header Files</Filter>
    </ClInclude>
    <ClInclude Include="WriteComponent\MemberProp.h">
      <Filter>WriteComponent\Header Files</Filter>
    </ClInclude>
    <ClInclude Include="WriteComponent\SmbiosEditor.h">
      <Filter>WriteComponent\Header Files</Filter>
    </ClInclude>
    <ClInclude Include="WriteComponent\SmbiosMember.h">
      <Filter>WriteComponent\Header Files</Filter>
    </ClInclude>
    <ClInclude Include="WriteComponent\UEFIController.h">
      <Filter>WriteComponent\Header Files</Filter>
    </ClInclude>
    <ClInclude Include="ReadComponent\Factory.h">
      <Filter>ReadComponent\Header Files</Filter>
    </ClInclude>
    <ClInclude Include="ReadComponent\Parser.h">
      <Filter>ReadComponent\Header Files</Filter>
    </ClInclude>
    <ClInclude Include="ReadComponent\ParserType0.h">
      <Filter>ReadComponent\Header Files</Filter>
    </ClInclude>
    <ClInclude Include="ReadComponent\ParserType1.h">
      <Filter>ReadComponent\Header Files</Filter>
    </ClInclude>
    <ClInclude Include="ReadComponent\ParserType2.h">
      <Filter>ReadComponent\Header Files</Filter>
    </ClInclude>
    <ClInclude Include="ReadComponent\smbios.h">
      <Filter>ReadComponent\Header Files</Filter>
    </ClInclude>
    <ClInclude Include="ReadComponent\SmbiosData.h">
      <Filter>ReadComponent\Header Files</Filter>
    </ClInclude>
    <ClInclude Include="ReadComponent\SmbiosStructure.h">
      <Filter>ReadComponent\Header Files</Filter>
    </ClInclude>
    <ClInclude Include="ReadComponent\SmbiosTable.h">
      <Filter>ReadComponent\Header Files</Filter>
    </ClInclude>
    <ClInclude Include="JsonCpp\json\json.h">
      <Filter>JsonCpp\Header Files</Filter>
    </ClInclude>
    <ClInclude Include="JsonCpp\json\json-forwards.h">
      <Filter>JsonCpp\Header Files</Filter>
    </ClInclude>
    <ClInclude Include="ReadComponent\ParserType3.h">
      <Filter>ReadComponent\Header Files</Filter>
    </ClInclude>
    <ClInclude Include="ReadComponent\ParserType11.h">
      <Filter>ReadComponent\Header Files</Filter>
    </ClInclude>
  </ItemGroup>
  <ItemGroup>
    <ClCompile Include="dllmain.cpp">
      <Filter>Source Files</Filter>
    </ClCompile>
    <ClCompile Include="pch.cpp">
      <Filter>Source Files</Filter>
    </ClCompile>
    <ClCompile Include="AaeonSmbiosApi.cpp">
      <Filter>Source Files</Filter>
    </ClCompile>
    <ClCompile Include="WriteComponent\SmbiosEditor.cpp">
      <Filter>WriteComponent\Source Files</Filter>
    </ClCompile>
    <ClCompile Include="WriteComponent\SmbiosMember.cpp">
      <Filter>WriteComponent\Source Files</Filter>
    </ClCompile>
    <ClCompile Include="WriteComponent\UEFIController.cpp">
      <Filter>WriteComponent\Source Files</Filter>
    </ClCompile>
    <ClCompile Include="ReadComponent\ParserType0.cpp">
      <Filter>ReadComponent\Source Files</Filter>
    </ClCompile>
    <ClCompile Include="ReadComponent\ParserType1.cpp">
      <Filter>ReadComponent\Source Files</Filter>
    </ClCompile>
    <ClCompile Include="ReadComponent\ParserType2.cpp">
      <Filter>ReadComponent\Source Files</Filter>
    </ClCompile>
    <ClCompile Include="ReadComponent\smbios.cpp">
      <Filter>ReadComponent\Source Files</Filter>
    </ClCompile>
    <ClCompile Include="ReadComponent\SmbiosTable.cpp">
      <Filter>ReadComponent\Source Files</Filter>
    </ClCompile>
    <ClCompile Include="JsonCpp\jsoncpp.cpp">
      <Filter>JsonCpp\Source Files</Filter>
    </ClCompile>
    <ClCompile Include="ReadComponent\ParserType3.cpp">
      <Filter>ReadComponent\Source Files</Filter>
    </ClCompile>
    <ClCompile Include="ReadComponent\ParserType11.cpp">
      <Filter>ReadComponent\Source Files</Filter>
    </ClCompile>
  </ItemGroup>
</Project>